# THIS IS AN AUTOGENERATED FILE. DO NOT EDIT THIS FILE DIRECTLY.
# yarn lockfile v1


"@angular/common@^2.0.0":
  version "2.3.0"
  resolved "https://registry.yarnpkg.com/@angular/common/-/common-2.3.0.tgz#16b0034fe43ae70875343f23e19835435edd118e"

"@angular/compiler@^2.0.0":
  version "2.3.0"
  resolved "https://registry.yarnpkg.com/@angular/compiler/-/compiler-2.3.0.tgz#68e39af53728c5d7e6762a225f9c9c6b173bb4fc"

"@angular/core@^2.0.0":
  version "2.3.0"
  resolved "https://registry.yarnpkg.com/@angular/core/-/core-2.3.0.tgz#e60bd398584d69467d075d001b718364174a2534"

"demo-button-module@https://github.com/ivanbatic/ng2-demo-button-module#3aec3cb":
  version "0.1.0"
  resolved "https://github.com/ivanbatic/ng2-demo-button-module#3aec3cb"
